dependencies:
- name: partials
  repository: file://../partials
  version: 0.1.0
- name: prometheus
  repository: file://../add-ons/prometheus
  version: 0.1.0
- name: tracing
  repository: file://../add-ons/tracing
  version: 0.1.0
digest: sha256:bb8179d9045fd9fdbb290a156173cd9116ecca79ba871bdba1c2e1ca22bbf2d3
generated: "2020-04-16T15:06:04.884550836+05:30"
