dependencies:
- name: partials
  repository: file://../partials
  version: 0.1.0
- name: tracing
  repository: file://../add-ons/tracing
  version: 0.1.0
- name: grafana
  repository: file://../add-ons/grafana
  version: 0.1.0
digest: sha256:c21e7f4c346ab24d087ce897c1493562c169ae1a14a10fa221ac3a4f7bd3ab2d
generated: "2020-02-21T17:27:24.185826212+05:30"
